
Microsoft Visual Studio Solution File, Format Version 11.00
# Visual Studio 2010
Project("{FAE04EC0-301F-11D3-BF4B-00C04F79EFBC}") = "DupCel.View", "DupCel.View\DupCel.View.csproj", "{9B5B2D57-2C2D-4638-9630-2B9FCA3797F8}"
EndProject
Project("{FAE04EC0-301F-11D3-BF4B-00C04F79EFBC}") = "DupCel.Model", "DupCel.Model\DupCel.Model.csproj", "{3EA684B3-1CB7-49F0-80DF-E23780E069A1}"
EndProject
Project("{FAE04EC0-301F-11D3-BF4B-00C04F79EFBC}") = "DupCel.Entity", "DupCel.Entity\DupCel.Entity.csproj", "{225F4F33-79CB-4359-A467-3591FE946FE2}"
EndProject
Global
	GlobalSection(SolutionConfigurationPlatforms) = preSolution
		Debug|Any CPU = Debug|Any CPU
		Debug|Mixed Platforms = Debug|Mixed Platforms
		Debug|x86 = Debug|x86
		Release|Any CPU = Release|Any CPU
		Release|Mixed Platforms = Release|Mixed Platforms
		Release|x86 = Release|x86
	EndGlobalSection
	GlobalSection(ProjectConfigurationPlatforms) = postSolution
		{9B5B2D57-2C2D-4638-9630-2B9FCA3797F8}.Debug|Any CPU.ActiveCfg = Debug|x86
		{9B5B2D57-2C2D-4638-9630-2B9FCA3797F8}.Debug|Mixed Platforms.ActiveCfg = Debug|x86
		{9B5B2D57-2C2D-4638-9630-2B9FCA3797F8}.Debug|Mixed Platforms.Build.0 = Debug|x86
		{9B5B2D57-2C2D-4638-9630-2B9FCA3797F8}.Debug|x86.ActiveCfg = Debug|x86
		{9B5B2D57-2C2D-4638-9630-2B9FCA3797F8}.Debug|x86.Build.0 = Debug|x86
		{9B5B2D57-2C2D-4638-9630-2B9FCA3797F8}.Release|Any CPU.ActiveCfg = Release|x86
		{9B5B2D57-2C2D-4638-9630-2B9FCA3797F8}.Release|Mixed Platforms.ActiveCfg = Release|x86
		{9B5B2D57-2C2D-4638-9630-2B9FCA3797F8}.Release|Mixed Platforms.Build.0 = Release|x86
		{9B5B2D57-2C2D-4638-9630-2B9FCA3797F8}.Release|x86.ActiveCfg = Release|x86
		{9B5B2D57-2C2D-4638-9630-2B9FCA3797F8}.Release|x86.Build.0 = Release|x86
		{3EA684B3-1CB7-49F0-80DF-E23780E069A1}.Debug|Any CPU.ActiveCfg = Debug|Any CPU
		{3EA684B3-1CB7-49F0-80DF-E23780E069A1}.Debug|Any CPU.Build.0 = Debug|Any CPU
		{3EA684B3-1CB7-49F0-80DF-E23780E069A1}.Debug|Mixed Platforms.ActiveCfg = Debug|Any CPU
		{3EA684B3-1CB7-49F0-80DF-E23780E069A1}.Debug|Mixed Platforms.Build.0 = Debug|Any CPU
		{3EA684B3-1CB7-49F0-80DF-E23780E069A1}.Debug|x86.ActiveCfg = Debug|Any CPU
		{3EA684B3-1CB7-49F0-80DF-E23780E069A1}.Release|Any CPU.ActiveCfg = Release|Any CPU
		{3EA684B3-1CB7-49F0-80DF-E23780E069A1}.Release|Any CPU.Build.0 = Release|Any CPU
		{3EA684B3-1CB7-49F0-80DF-E23780E069A1}.Release|Mixed Platforms.ActiveCfg = Release|Any CPU
		{3EA684B3-1CB7-49F0-80DF-E23780E069A1}.Release|Mixed Platforms.Build.0 = Release|Any CPU
		{3EA684B3-1CB7-49F0-80DF-E23780E069A1}.Release|x86.ActiveCfg = Release|Any CPU
		{225F4F33-79CB-4359-A467-3591FE946FE2}.Debug|Any CPU.ActiveCfg = Debug|Any CPU
		{225F4F33-79CB-4359-A467-3591FE946FE2}.Debug|Any CPU.Build.0 = Debug|Any CPU
		{225F4F33-79CB-4359-A467-3591FE946FE2}.Debug|Mixed Platforms.ActiveCfg = Debug|Any CPU
		{225F4F33-79CB-4359-A467-3591FE946FE2}.Debug|Mixed Platforms.Build.0 = Debug|Any CPU
		{225F4F33-79CB-4359-A467-3591FE946FE2}.Debug|x86.ActiveCfg = Debug|Any CPU
		{225F4F33-79CB-4359-A467-3591FE946FE2}.Release|Any CPU.ActiveCfg = Release|Any CPU
		{225F4F33-79CB-4359-A467-3591FE946FE2}.Release|Any CPU.Build.0 = Release|Any CPU
		{225F4F33-79CB-4359-A467-3591FE946FE2}.Release|Mixed Platforms.ActiveCfg = Release|Any CPU
		{225F4F33-79CB-4359-A467-3591FE946FE2}.Release|Mixed Platforms.Build.0 = Release|Any CPU
		{225F4F33-79CB-4359-A467-3591FE946FE2}.Release|x86.ActiveCfg = Release|Any CPU
	EndGlobalSection
	GlobalSection(SolutionProperties) = preSolution
		HideSolutionNode = FALSE
	EndGlobalSection
EndGlobal
